
Microsoft Visual Studio Solution File, Format Version 12.00
# Visual Studio 2012
Project("{FAE04EC0-301F-11D3-BF4B-00C04F79EFBC}") = "PSPDFWacomStylusDriver", "PSPDFWacomStylusDriver.csproj", "{68FFE727-F842-4BD1-9554-8EEBD00D1C20}"
EndProject
Global
	GlobalSection(SolutionConfigurationPlatforms) = preSolution
		Debug|Any CPU = Debug|Any CPU
		Release|Any CPU = Release|Any CPU
	EndGlobalSection
	GlobalSection(ProjectConfigurationPlatforms) = postSolution
		{68FFE727-F842-4BD1-9554-8EEBD00D1C20}.Debug|Any CPU.ActiveCfg = Debug|Any CPU
		{68FFE727-F842-4BD1-9554-8EEBD00D1C20}.Debug|Any CPU.Build.0 = Debug|Any CPU
		{68FFE727-F842-4BD1-9554-8EEBD00D1C20}.Release|Any CPU.ActiveCfg = Release|Any CPU
		{68FFE727-F842-4BD1-9554-8EEBD00D1C20}.Release|Any CPU.Build.0 = Release|Any CPU
	EndGlobalSection
EndGlobal
