
Microsoft Visual Studio Solution File, Format Version 12.00
# Visual Studio 2012
Project("{2150E333-8FDC-42A3-9474-1A3956D46DE8}") = "iOS", "iOS", "{B3BA8388-0162-4BE5-BEFB-A7CF268EF40A}"
EndProject
Project("{2150E333-8FDC-42A3-9474-1A3956D46DE8}") = "macOS", "macOS", "{E0F10399-DBB3-4604-91FB-9554C1A968ED}"
EndProject
Project("{FAE04EC0-301F-11D3-BF4B-00C04F79EFBC}") = "PSPDFKit.iOS", "PSPDFKit.iOS\PSPDFKit.iOS.csproj", "{EAD841EF-ADCC-4DE1-890C-0C58C4F73C3A}"
EndProject
Project("{FAE04EC0-301F-11D3-BF4B-00C04F79EFBC}") = "PSPDFKit.iOS.UI", "PSPDFKit.iOS.UI\PSPDFKit.iOS.UI.csproj", "{A48DA6FC-C52F-44B3-9F9D-DD6D964C1254}"
EndProject
Project("{FAE04EC0-301F-11D3-BF4B-00C04F79EFBC}") = "PSPDFKit.iOS.Instant", "PSPDFKit.iOS.Instant\PSPDFKit.iOS.Instant.csproj", "{3D9F8DF9-451B-46AB-8A42-51D58E3E003E}"
EndProject
Project("{2150E333-8FDC-42A3-9474-1A3956D46DE8}") = "Samples", "Samples", "{A788CD81-9193-4EC3-BD60-60CFBEC1ABF8}"
EndProject
Project("{FAE04EC0-301F-11D3-BF4B-00C04F79EFBC}") = "PSPDFCatalog", "samples\PSPDFCatalog\PSPDFCatalog\PSPDFCatalog.csproj", "{5258C7FD-9097-47FE-9DF8-6A964D8FE383}"
EndProject
Project("{FAE04EC0-301F-11D3-BF4B-00C04F79EFBC}") = "PSPDFKit.Mac", "PSPDFKit.Mac\PSPDFKit.Mac.csproj", "{247559E5-C890-4F1F-A964-3B300A6272E9}"
EndProject
Global
	GlobalSection(SolutionConfigurationPlatforms) = preSolution
		Debug|Any CPU = Debug|Any CPU
		Release|Any CPU = Release|Any CPU
		Debug|iPhoneSimulator = Debug|iPhoneSimulator
		Release|iPhoneSimulator = Release|iPhoneSimulator
		Debug|iPhone = Debug|iPhone
		Release|iPhone = Release|iPhone
		Ad-Hoc|iPhone = Ad-Hoc|iPhone
		AppStore|iPhone = AppStore|iPhone
	EndGlobalSection
	GlobalSection(ProjectConfigurationPlatforms) = postSolution
		{EAD841EF-ADCC-4DE1-890C-0C58C4F73C3A}.Debug|Any CPU.ActiveCfg = Debug|Any CPU
		{EAD841EF-ADCC-4DE1-890C-0C58C4F73C3A}.Debug|Any CPU.Build.0 = Debug|Any CPU
		{EAD841EF-ADCC-4DE1-890C-0C58C4F73C3A}.Release|Any CPU.ActiveCfg = Release|Any CPU
		{EAD841EF-ADCC-4DE1-890C-0C58C4F73C3A}.Release|Any CPU.Build.0 = Release|Any CPU
		{EAD841EF-ADCC-4DE1-890C-0C58C4F73C3A}.Debug|iPhoneSimulator.ActiveCfg = Debug|Any CPU
		{EAD841EF-ADCC-4DE1-890C-0C58C4F73C3A}.Debug|iPhoneSimulator.Build.0 = Debug|Any CPU
		{EAD841EF-ADCC-4DE1-890C-0C58C4F73C3A}.Release|iPhoneSimulator.ActiveCfg = Release|Any CPU
		{EAD841EF-ADCC-4DE1-890C-0C58C4F73C3A}.Release|iPhoneSimulator.Build.0 = Release|Any CPU
		{EAD841EF-ADCC-4DE1-890C-0C58C4F73C3A}.Debug|iPhone.ActiveCfg = Debug|Any CPU
		{EAD841EF-ADCC-4DE1-890C-0C58C4F73C3A}.Debug|iPhone.Build.0 = Debug|Any CPU
		{EAD841EF-ADCC-4DE1-890C-0C58C4F73C3A}.Release|iPhone.ActiveCfg = Release|Any CPU
		{EAD841EF-ADCC-4DE1-890C-0C58C4F73C3A}.Release|iPhone.Build.0 = Release|Any CPU
		{EAD841EF-ADCC-4DE1-890C-0C58C4F73C3A}.Ad-Hoc|iPhone.ActiveCfg = Debug|Any CPU
		{EAD841EF-ADCC-4DE1-890C-0C58C4F73C3A}.Ad-Hoc|iPhone.Build.0 = Debug|Any CPU
		{EAD841EF-ADCC-4DE1-890C-0C58C4F73C3A}.AppStore|iPhone.ActiveCfg = Debug|Any CPU
		{EAD841EF-ADCC-4DE1-890C-0C58C4F73C3A}.AppStore|iPhone.Build.0 = Debug|Any CPU
		{A48DA6FC-C52F-44B3-9F9D-DD6D964C1254}.Debug|Any CPU.ActiveCfg = Debug|Any CPU
		{A48DA6FC-C52F-44B3-9F9D-DD6D964C1254}.Debug|Any CPU.Build.0 = Debug|Any CPU
		{A48DA6FC-C52F-44B3-9F9D-DD6D964C1254}.Release|Any CPU.ActiveCfg = Release|Any CPU
		{A48DA6FC-C52F-44B3-9F9D-DD6D964C1254}.Release|Any CPU.Build.0 = Release|Any CPU
		{A48DA6FC-C52F-44B3-9F9D-DD6D964C1254}.Debug|iPhoneSimulator.ActiveCfg = Debug|Any CPU
		{A48DA6FC-C52F-44B3-9F9D-DD6D964C1254}.Debug|iPhoneSimulator.Build.0 = Debug|Any CPU
		{A48DA6FC-C52F-44B3-9F9D-DD6D964C1254}.Release|iPhoneSimulator.ActiveCfg = Release|Any CPU
		{A48DA6FC-C52F-44B3-9F9D-DD6D964C1254}.Release|iPhoneSimulator.Build.0 = Release|Any CPU
		{A48DA6FC-C52F-44B3-9F9D-DD6D964C1254}.Debug|iPhone.ActiveCfg = Debug|Any CPU
		{A48DA6FC-C52F-44B3-9F9D-DD6D964C1254}.Debug|iPhone.Build.0 = Debug|Any CPU
		{A48DA6FC-C52F-44B3-9F9D-DD6D964C1254}.Release|iPhone.ActiveCfg = Release|Any CPU
		{A48DA6FC-C52F-44B3-9F9D-DD6D964C1254}.Release|iPhone.Build.0 = Release|Any CPU
		{A48DA6FC-C52F-44B3-9F9D-DD6D964C1254}.Ad-Hoc|iPhone.ActiveCfg = Debug|Any CPU
		{A48DA6FC-C52F-44B3-9F9D-DD6D964C1254}.Ad-Hoc|iPhone.Build.0 = Debug|Any CPU
		{A48DA6FC-C52F-44B3-9F9D-DD6D964C1254}.AppStore|iPhone.ActiveCfg = Debug|Any CPU
		{A48DA6FC-C52F-44B3-9F9D-DD6D964C1254}.AppStore|iPhone.Build.0 = Debug|Any CPU
		{3D9F8DF9-451B-46AB-8A42-51D58E3E003E}.Debug|Any CPU.ActiveCfg = Debug|Any CPU
		{3D9F8DF9-451B-46AB-8A42-51D58E3E003E}.Debug|Any CPU.Build.0 = Debug|Any CPU
		{3D9F8DF9-451B-46AB-8A42-51D58E3E003E}.Release|Any CPU.ActiveCfg = Release|Any CPU
		{3D9F8DF9-451B-46AB-8A42-51D58E3E003E}.Release|Any CPU.Build.0 = Release|Any CPU
		{3D9F8DF9-451B-46AB-8A42-51D58E3E003E}.Debug|iPhoneSimulator.ActiveCfg = Debug|Any CPU
		{3D9F8DF9-451B-46AB-8A42-51D58E3E003E}.Debug|iPhoneSimulator.Build.0 = Debug|Any CPU
		{3D9F8DF9-451B-46AB-8A42-51D58E3E003E}.Release|iPhoneSimulator.ActiveCfg = Release|Any CPU
		{3D9F8DF9-451B-46AB-8A42-51D58E3E003E}.Release|iPhoneSimulator.Build.0 = Release|Any CPU
		{3D9F8DF9-451B-46AB-8A42-51D58E3E003E}.Debug|iPhone.ActiveCfg = Debug|Any CPU
		{3D9F8DF9-451B-46AB-8A42-51D58E3E003E}.Debug|iPhone.Build.0 = Debug|Any CPU
		{3D9F8DF9-451B-46AB-8A42-51D58E3E003E}.Release|iPhone.ActiveCfg = Release|Any CPU
		{3D9F8DF9-451B-46AB-8A42-51D58E3E003E}.Release|iPhone.Build.0 = Release|Any CPU
		{3D9F8DF9-451B-46AB-8A42-51D58E3E003E}.Ad-Hoc|iPhone.ActiveCfg = Debug|Any CPU
		{3D9F8DF9-451B-46AB-8A42-51D58E3E003E}.Ad-Hoc|iPhone.Build.0 = Debug|Any CPU
		{3D9F8DF9-451B-46AB-8A42-51D58E3E003E}.AppStore|iPhone.ActiveCfg = Debug|Any CPU
		{3D9F8DF9-451B-46AB-8A42-51D58E3E003E}.AppStore|iPhone.Build.0 = Debug|Any CPU
		{5258C7FD-9097-47FE-9DF8-6A964D8FE383}.Debug|Any CPU.ActiveCfg = Debug|iPhoneSimulator
		{5258C7FD-9097-47FE-9DF8-6A964D8FE383}.Debug|Any CPU.Build.0 = Debug|iPhoneSimulator
		{5258C7FD-9097-47FE-9DF8-6A964D8FE383}.Release|Any CPU.ActiveCfg = Release|iPhoneSimulator
		{5258C7FD-9097-47FE-9DF8-6A964D8FE383}.Release|Any CPU.Build.0 = Release|iPhoneSimulator
		{5258C7FD-9097-47FE-9DF8-6A964D8FE383}.Debug|iPhoneSimulator.ActiveCfg = Debug|iPhoneSimulator
		{5258C7FD-9097-47FE-9DF8-6A964D8FE383}.Debug|iPhoneSimulator.Build.0 = Debug|iPhoneSimulator
		{5258C7FD-9097-47FE-9DF8-6A964D8FE383}.Release|iPhoneSimulator.ActiveCfg = Release|iPhoneSimulator
		{5258C7FD-9097-47FE-9DF8-6A964D8FE383}.Release|iPhoneSimulator.Build.0 = Release|iPhoneSimulator
		{5258C7FD-9097-47FE-9DF8-6A964D8FE383}.Debug|iPhone.ActiveCfg = Debug|iPhone
		{5258C7FD-9097-47FE-9DF8-6A964D8FE383}.Debug|iPhone.Build.0 = Debug|iPhone
		{5258C7FD-9097-47FE-9DF8-6A964D8FE383}.Release|iPhone.ActiveCfg = Release|iPhone
		{5258C7FD-9097-47FE-9DF8-6A964D8FE383}.Release|iPhone.Build.0 = Release|iPhone
		{5258C7FD-9097-47FE-9DF8-6A964D8FE383}.Ad-Hoc|iPhone.ActiveCfg = Ad-Hoc|iPhone
		{5258C7FD-9097-47FE-9DF8-6A964D8FE383}.Ad-Hoc|iPhone.Build.0 = Ad-Hoc|iPhone
		{5258C7FD-9097-47FE-9DF8-6A964D8FE383}.AppStore|iPhone.ActiveCfg = AppStore|iPhone
		{5258C7FD-9097-47FE-9DF8-6A964D8FE383}.AppStore|iPhone.Build.0 = AppStore|iPhone
		{247559E5-C890-4F1F-A964-3B300A6272E9}.Debug|Any CPU.ActiveCfg = Debug|Any CPU
		{247559E5-C890-4F1F-A964-3B300A6272E9}.Debug|Any CPU.Build.0 = Debug|Any CPU
		{247559E5-C890-4F1F-A964-3B300A6272E9}.Release|Any CPU.ActiveCfg = Release|Any CPU
		{247559E5-C890-4F1F-A964-3B300A6272E9}.Release|Any CPU.Build.0 = Release|Any CPU
		{247559E5-C890-4F1F-A964-3B300A6272E9}.Debug|iPhoneSimulator.ActiveCfg = Debug|Any CPU
		{247559E5-C890-4F1F-A964-3B300A6272E9}.Debug|iPhoneSimulator.Build.0 = Debug|Any CPU
		{247559E5-C890-4F1F-A964-3B300A6272E9}.Release|iPhoneSimulator.ActiveCfg = Release|Any CPU
		{247559E5-C890-4F1F-A964-3B300A6272E9}.Release|iPhoneSimulator.Build.0 = Release|Any CPU
		{247559E5-C890-4F1F-A964-3B300A6272E9}.Debug|iPhone.ActiveCfg = Debug|Any CPU
		{247559E5-C890-4F1F-A964-3B300A6272E9}.Debug|iPhone.Build.0 = Debug|Any CPU
		{247559E5-C890-4F1F-A964-3B300A6272E9}.Release|iPhone.ActiveCfg = Release|Any CPU
		{247559E5-C890-4F1F-A964-3B300A6272E9}.Release|iPhone.Build.0 = Release|Any CPU
		{247559E5-C890-4F1F-A964-3B300A6272E9}.Ad-Hoc|iPhone.ActiveCfg = Release|Any CPU
		{247559E5-C890-4F1F-A964-3B300A6272E9}.Ad-Hoc|iPhone.Build.0 = Release|Any CPU
		{247559E5-C890-4F1F-A964-3B300A6272E9}.AppStore|iPhone.ActiveCfg = Release|Any CPU
		{247559E5-C890-4F1F-A964-3B300A6272E9}.AppStore|iPhone.Build.0 = Release|Any CPU
	EndGlobalSection
	GlobalSection(NestedProjects) = preSolution
		{EAD841EF-ADCC-4DE1-890C-0C58C4F73C3A} = {B3BA8388-0162-4BE5-BEFB-A7CF268EF40A}
		{A48DA6FC-C52F-44B3-9F9D-DD6D964C1254} = {B3BA8388-0162-4BE5-BEFB-A7CF268EF40A}
		{3D9F8DF9-451B-46AB-8A42-51D58E3E003E} = {B3BA8388-0162-4BE5-BEFB-A7CF268EF40A}
		{A788CD81-9193-4EC3-BD60-60CFBEC1ABF8} = {B3BA8388-0162-4BE5-BEFB-A7CF268EF40A}
		{5258C7FD-9097-47FE-9DF8-6A964D8FE383} = {A788CD81-9193-4EC3-BD60-60CFBEC1ABF8}
		{247559E5-C890-4F1F-A964-3B300A6272E9} = {E0F10399-DBB3-4604-91FB-9554C1A968ED}
	EndGlobalSection
EndGlobal
