
Microsoft Visual Studio Solution File, Format Version 12.00
# Visual Studio Version 16
VisualStudioVersion = 25.0.1704.2
MinimumVisualStudioVersion = 10.0.40219.1
Project("{2150E333-8FDC-42A3-9474-1A3956D46DE8}") = "iOS", "iOS", "{25ABAA07-16AA-4A5A-BFAA-E876DF20D3FD}"
EndProject
Project("{2150E333-8FDC-42A3-9474-1A3956D46DE8}") = "MacCatalyst", "MacCatalyst", "{4C430034-D300-43A2-9977-5C49C9AD6844}"
EndProject
Project("{FAE04EC0-301F-11D3-BF4B-00C04F79EFBC}") = "DotNetiOSSample", "DotNetiOSSample\DotNetiOSSample.csproj", "{8D37DFF0-E18A-4F30-9625-881FB0116093}"
EndProject
Project("{FAE04EC0-301F-11D3-BF4B-00C04F79EFBC}") = "DotNetMacCatalystSample", "DotNetMacCatalystSample\DotNetMacCatalystSample.csproj", "{047765AD-ECC3-481F-B4BA-7B0DEF8F8F34}"
EndProject
Project("{2150E333-8FDC-42A3-9474-1A3956D46DE8}") = "Bindings", "Bindings", "{C04B4E0E-883C-43E3-AB90-CFD43140350E}"
EndProject
Project("{2150E333-8FDC-42A3-9474-1A3956D46DE8}") = "iOS", "iOS", "{DF938BA2-2DD2-4B8B-95D8-1B8BC070FBDA}"
EndProject
Project("{FAE04EC0-301F-11D3-BF4B-00C04F79EFBC}") = "PSPDFKit.MAUI.iOS.Model", "..\PSPDFKit.MAUI.iOS.Model\PSPDFKit.MAUI.iOS.Model.csproj", "{2E4318D4-9FDE-4228-95F9-1BD9EC98876E}"
EndProject
Project("{FAE04EC0-301F-11D3-BF4B-00C04F79EFBC}") = "PSPDFKit.MAUI.iOS.UI", "..\PSPDFKit.MAUI.iOS.UI\PSPDFKit.MAUI.iOS.UI.csproj", "{1C759B47-B125-4B12-A646-1FD60C65EE1F}"
EndProject
Project("{FAE04EC0-301F-11D3-BF4B-00C04F79EFBC}") = "PSPDFKit.MAUI.iOS.Instant", "..\PSPDFKit.MAUI.iOS.Instant\PSPDFKit.MAUI.iOS.Instant.csproj", "{B6E0258F-4F14-42CC-AEAA-DE2843DB48CB}"
EndProject
Project("{2150E333-8FDC-42A3-9474-1A3956D46DE8}") = "MacCatalyst", "MacCatalyst", "{19D16141-5AB4-4F09-B64C-5DF887CED907}"
EndProject
Project("{FAE04EC0-301F-11D3-BF4B-00C04F79EFBC}") = "PSPDFKit.MAUI.MacCatalyst.Model", "..\PSPDFKit.MAUI.MacCatalyst.Model\PSPDFKit.MAUI.MacCatalyst.Model.csproj", "{27D9876A-1DB9-4E0B-A0B5-B072E0A797A9}"
EndProject
Project("{FAE04EC0-301F-11D3-BF4B-00C04F79EFBC}") = "PSPDFKit.MAUI.MacCatalyst.UI", "..\PSPDFKit.MAUI.MacCatalyst.UI\PSPDFKit.MAUI.MacCatalyst.UI.csproj", "{6CCDF77D-011A-4FAB-9F84-AA788D18FDA9}"
EndProject
Project("{FAE04EC0-301F-11D3-BF4B-00C04F79EFBC}") = "PSPDFKit.MAUI.MacCatalyst.Instant", "..\PSPDFKit.MAUI.MacCatalyst.Instant\PSPDFKit.MAUI.MacCatalyst.Instant.csproj", "{901F59B5-82C2-489A-A3AD-40E7EA04B0CC}"
EndProject
Global
	GlobalSection(SolutionConfigurationPlatforms) = preSolution
		Debug|Any CPU = Debug|Any CPU
		Release|Any CPU = Release|Any CPU
	EndGlobalSection
	GlobalSection(ProjectConfigurationPlatforms) = postSolution
		{8D37DFF0-E18A-4F30-9625-881FB0116093}.Debug|Any CPU.ActiveCfg = Debug|Any CPU
		{8D37DFF0-E18A-4F30-9625-881FB0116093}.Debug|Any CPU.Build.0 = Debug|Any CPU
		{8D37DFF0-E18A-4F30-9625-881FB0116093}.Release|Any CPU.ActiveCfg = Release|Any CPU
		{8D37DFF0-E18A-4F30-9625-881FB0116093}.Release|Any CPU.Build.0 = Release|Any CPU
		{047765AD-ECC3-481F-B4BA-7B0DEF8F8F34}.Debug|Any CPU.ActiveCfg = Debug|Any CPU
		{047765AD-ECC3-481F-B4BA-7B0DEF8F8F34}.Debug|Any CPU.Build.0 = Debug|Any CPU
		{047765AD-ECC3-481F-B4BA-7B0DEF8F8F34}.Release|Any CPU.ActiveCfg = Release|Any CPU
		{047765AD-ECC3-481F-B4BA-7B0DEF8F8F34}.Release|Any CPU.Build.0 = Release|Any CPU
		{2E4318D4-9FDE-4228-95F9-1BD9EC98876E}.Debug|Any CPU.ActiveCfg = Debug|Any CPU
		{2E4318D4-9FDE-4228-95F9-1BD9EC98876E}.Debug|Any CPU.Build.0 = Debug|Any CPU
		{2E4318D4-9FDE-4228-95F9-1BD9EC98876E}.Release|Any CPU.ActiveCfg = Release|Any CPU
		{2E4318D4-9FDE-4228-95F9-1BD9EC98876E}.Release|Any CPU.Build.0 = Release|Any CPU
		{1C759B47-B125-4B12-A646-1FD60C65EE1F}.Debug|Any CPU.ActiveCfg = Debug|Any CPU
		{1C759B47-B125-4B12-A646-1FD60C65EE1F}.Debug|Any CPU.Build.0 = Debug|Any CPU
		{1C759B47-B125-4B12-A646-1FD60C65EE1F}.Release|Any CPU.ActiveCfg = Release|Any CPU
		{1C759B47-B125-4B12-A646-1FD60C65EE1F}.Release|Any CPU.Build.0 = Release|Any CPU
		{B6E0258F-4F14-42CC-AEAA-DE2843DB48CB}.Debug|Any CPU.ActiveCfg = Debug|Any CPU
		{B6E0258F-4F14-42CC-AEAA-DE2843DB48CB}.Debug|Any CPU.Build.0 = Debug|Any CPU
		{B6E0258F-4F14-42CC-AEAA-DE2843DB48CB}.Release|Any CPU.ActiveCfg = Release|Any CPU
		{B6E0258F-4F14-42CC-AEAA-DE2843DB48CB}.Release|Any CPU.Build.0 = Release|Any CPU
		{27D9876A-1DB9-4E0B-A0B5-B072E0A797A9}.Debug|Any CPU.ActiveCfg = Debug|Any CPU
		{27D9876A-1DB9-4E0B-A0B5-B072E0A797A9}.Debug|Any CPU.Build.0 = Debug|Any CPU
		{27D9876A-1DB9-4E0B-A0B5-B072E0A797A9}.Release|Any CPU.ActiveCfg = Release|Any CPU
		{27D9876A-1DB9-4E0B-A0B5-B072E0A797A9}.Release|Any CPU.Build.0 = Release|Any CPU
		{6CCDF77D-011A-4FAB-9F84-AA788D18FDA9}.Debug|Any CPU.ActiveCfg = Debug|Any CPU
		{6CCDF77D-011A-4FAB-9F84-AA788D18FDA9}.Debug|Any CPU.Build.0 = Debug|Any CPU
		{6CCDF77D-011A-4FAB-9F84-AA788D18FDA9}.Release|Any CPU.ActiveCfg = Release|Any CPU
		{6CCDF77D-011A-4FAB-9F84-AA788D18FDA9}.Release|Any CPU.Build.0 = Release|Any CPU
		{901F59B5-82C2-489A-A3AD-40E7EA04B0CC}.Debug|Any CPU.ActiveCfg = Debug|Any CPU
		{901F59B5-82C2-489A-A3AD-40E7EA04B0CC}.Debug|Any CPU.Build.0 = Debug|Any CPU
		{901F59B5-82C2-489A-A3AD-40E7EA04B0CC}.Release|Any CPU.ActiveCfg = Release|Any CPU
		{901F59B5-82C2-489A-A3AD-40E7EA04B0CC}.Release|Any CPU.Build.0 = Release|Any CPU
	EndGlobalSection
	GlobalSection(SolutionProperties) = preSolution
		HideSolutionNode = FALSE
	EndGlobalSection
	GlobalSection(ExtensibilityGlobals) = postSolution
		SolutionGuid = {66E782A2-3E3C-4A4B-A0A3-805B8FF8CB2C}
	EndGlobalSection
	GlobalSection(NestedProjects) = preSolution
		{8D37DFF0-E18A-4F30-9625-881FB0116093} = {25ABAA07-16AA-4A5A-BFAA-E876DF20D3FD}
		{047765AD-ECC3-481F-B4BA-7B0DEF8F8F34} = {4C430034-D300-43A2-9977-5C49C9AD6844}
		{DF938BA2-2DD2-4B8B-95D8-1B8BC070FBDA} = {C04B4E0E-883C-43E3-AB90-CFD43140350E}
		{2E4318D4-9FDE-4228-95F9-1BD9EC98876E} = {DF938BA2-2DD2-4B8B-95D8-1B8BC070FBDA}
		{1C759B47-B125-4B12-A646-1FD60C65EE1F} = {DF938BA2-2DD2-4B8B-95D8-1B8BC070FBDA}
		{B6E0258F-4F14-42CC-AEAA-DE2843DB48CB} = {DF938BA2-2DD2-4B8B-95D8-1B8BC070FBDA}
		{19D16141-5AB4-4F09-B64C-5DF887CED907} = {C04B4E0E-883C-43E3-AB90-CFD43140350E}
		{27D9876A-1DB9-4E0B-A0B5-B072E0A797A9} = {19D16141-5AB4-4F09-B64C-5DF887CED907}
		{6CCDF77D-011A-4FAB-9F84-AA788D18FDA9} = {19D16141-5AB4-4F09-B64C-5DF887CED907}
		{901F59B5-82C2-489A-A3AD-40E7EA04B0CC} = {19D16141-5AB4-4F09-B64C-5DF887CED907}
	EndGlobalSection
EndGlobal
