
Microsoft Visual Studio Solution File, Format Version 12.00
# Visual Studio 2012
Project("{FAE04EC0-301F-11D3-BF4B-00C04F79EFBC}") = "PSPDFCatalog", "PSPDFCatalog\PSPDFCatalog.csproj", "{5258C7FD-9097-47FE-9DF8-6A964D8FE383}"
EndProject
Project("{FAE04EC0-301F-11D3-BF4B-00C04F79EFBC}") = "PSPDFKit.iOS", "..\..\PSPDFKit.iOS\PSPDFKit.iOS.csproj", "{05D55D07-A317-401C-91B3-24B1E44BC3AC}"
EndProject
Global
	GlobalSection(SolutionConfigurationPlatforms) = preSolution
		Debug|iPhoneSimulator = Debug|iPhoneSimulator
		Release|iPhoneSimulator = Release|iPhoneSimulator
		Debug|iPhone = Debug|iPhone
		Release|iPhone = Release|iPhone
		Ad-Hoc|iPhone = Ad-Hoc|iPhone
		AppStore|iPhone = AppStore|iPhone
	EndGlobalSection
	GlobalSection(ProjectConfigurationPlatforms) = postSolution
		{05D55D07-A317-401C-91B3-24B1E44BC3AC}.Ad-Hoc|iPhone.ActiveCfg = Release|Any CPU
		{05D55D07-A317-401C-91B3-24B1E44BC3AC}.Ad-Hoc|iPhone.Build.0 = Release|Any CPU
		{05D55D07-A317-401C-91B3-24B1E44BC3AC}.AppStore|iPhone.ActiveCfg = Release|Any CPU
		{05D55D07-A317-401C-91B3-24B1E44BC3AC}.AppStore|iPhone.Build.0 = Release|Any CPU
		{05D55D07-A317-401C-91B3-24B1E44BC3AC}.Debug|iPhone.ActiveCfg = Debug|Any CPU
		{05D55D07-A317-401C-91B3-24B1E44BC3AC}.Debug|iPhone.Build.0 = Debug|Any CPU
		{05D55D07-A317-401C-91B3-24B1E44BC3AC}.Debug|iPhoneSimulator.ActiveCfg = Debug|Any CPU
		{05D55D07-A317-401C-91B3-24B1E44BC3AC}.Debug|iPhoneSimulator.Build.0 = Debug|Any CPU
		{05D55D07-A317-401C-91B3-24B1E44BC3AC}.Release|iPhone.ActiveCfg = Release|Any CPU
		{05D55D07-A317-401C-91B3-24B1E44BC3AC}.Release|iPhone.Build.0 = Release|Any CPU
		{05D55D07-A317-401C-91B3-24B1E44BC3AC}.Release|iPhoneSimulator.ActiveCfg = Release|Any CPU
		{05D55D07-A317-401C-91B3-24B1E44BC3AC}.Release|iPhoneSimulator.Build.0 = Release|Any CPU
		{5258C7FD-9097-47FE-9DF8-6A964D8FE383}.Ad-Hoc|iPhone.ActiveCfg = Ad-Hoc|iPhone
		{5258C7FD-9097-47FE-9DF8-6A964D8FE383}.Ad-Hoc|iPhone.Build.0 = Ad-Hoc|iPhone
		{5258C7FD-9097-47FE-9DF8-6A964D8FE383}.AppStore|iPhone.ActiveCfg = AppStore|iPhone
		{5258C7FD-9097-47FE-9DF8-6A964D8FE383}.AppStore|iPhone.Build.0 = AppStore|iPhone
		{5258C7FD-9097-47FE-9DF8-6A964D8FE383}.Debug|iPhone.ActiveCfg = Debug|iPhone
		{5258C7FD-9097-47FE-9DF8-6A964D8FE383}.Debug|iPhone.Build.0 = Debug|iPhone
		{5258C7FD-9097-47FE-9DF8-6A964D8FE383}.Debug|iPhoneSimulator.ActiveCfg = Debug|iPhoneSimulator
		{5258C7FD-9097-47FE-9DF8-6A964D8FE383}.Debug|iPhoneSimulator.Build.0 = Debug|iPhoneSimulator
		{5258C7FD-9097-47FE-9DF8-6A964D8FE383}.Release|iPhone.ActiveCfg = Release|iPhone
		{5258C7FD-9097-47FE-9DF8-6A964D8FE383}.Release|iPhone.Build.0 = Release|iPhone
		{5258C7FD-9097-47FE-9DF8-6A964D8FE383}.Release|iPhoneSimulator.ActiveCfg = Release|iPhoneSimulator
		{5258C7FD-9097-47FE-9DF8-6A964D8FE383}.Release|iPhoneSimulator.Build.0 = Release|iPhoneSimulator
	EndGlobalSection
EndGlobal
