
Microsoft Visual Studio Solution File, Format Version 12.00
# Visual Studio 2012
Project("{FAE04EC0-301F-11D3-BF4B-00C04F79EFBC}") = "PSPDFAdonitStylusDriver", "PSPDFAdonitStylusDriver.csproj", "{BCC4D1DC-3B7C-45D8-AF56-016E10EE5FF1}"
EndProject
Project("{FAE04EC0-301F-11D3-BF4B-00C04F79EFBC}") = "PSPDFKit.iOS", "..\..\..\PSPDFKit.iOS\PSPDFKit.iOS.csproj", "{EAD841EF-ADCC-4DE1-890C-0C58C4F73C3A}"
EndProject
Project("{FAE04EC0-301F-11D3-BF4B-00C04F79EFBC}") = "PSPDFKit.iOS.UI", "..\..\..\PSPDFKit.iOS.UI\PSPDFKit.iOS.UI.csproj", "{A48DA6FC-C52F-44B3-9F9D-DD6D964C1254}"
EndProject
Global
	GlobalSection(SolutionConfigurationPlatforms) = preSolution
		Debug|Any CPU = Debug|Any CPU
		Release|Any CPU = Release|Any CPU
	EndGlobalSection
	GlobalSection(ProjectConfigurationPlatforms) = postSolution
		{BCC4D1DC-3B7C-45D8-AF56-016E10EE5FF1}.Debug|Any CPU.ActiveCfg = Debug|Any CPU
		{BCC4D1DC-3B7C-45D8-AF56-016E10EE5FF1}.Debug|Any CPU.Build.0 = Debug|Any CPU
		{BCC4D1DC-3B7C-45D8-AF56-016E10EE5FF1}.Release|Any CPU.ActiveCfg = Release|Any CPU
		{BCC4D1DC-3B7C-45D8-AF56-016E10EE5FF1}.Release|Any CPU.Build.0 = Release|Any CPU
		{EAD841EF-ADCC-4DE1-890C-0C58C4F73C3A}.Debug|Any CPU.ActiveCfg = Debug|Any CPU
		{EAD841EF-ADCC-4DE1-890C-0C58C4F73C3A}.Debug|Any CPU.Build.0 = Debug|Any CPU
		{EAD841EF-ADCC-4DE1-890C-0C58C4F73C3A}.Release|Any CPU.ActiveCfg = Release|Any CPU
		{EAD841EF-ADCC-4DE1-890C-0C58C4F73C3A}.Release|Any CPU.Build.0 = Release|Any CPU
		{A48DA6FC-C52F-44B3-9F9D-DD6D964C1254}.Debug|Any CPU.ActiveCfg = Debug|Any CPU
		{A48DA6FC-C52F-44B3-9F9D-DD6D964C1254}.Debug|Any CPU.Build.0 = Debug|Any CPU
		{A48DA6FC-C52F-44B3-9F9D-DD6D964C1254}.Release|Any CPU.ActiveCfg = Release|Any CPU
		{A48DA6FC-C52F-44B3-9F9D-DD6D964C1254}.Release|Any CPU.Build.0 = Release|Any CPU
	EndGlobalSection
EndGlobal
