
Microsoft Visual Studio Solution File, Format Version 12.00
# Visual Studio 2012
Project("{FAE04EC0-301F-11D3-BF4B-00C04F79EFBC}") = "PSPDFAdonitStylusDriver", "PSPDFAdonitStylusDriver.csproj", "{BCC4D1DC-3B7C-45D8-AF56-016E10EE5FF1}"
EndProject
Project("{FAE04EC0-301F-11D3-BF4B-00C04F79EFBC}") = "PSPDFKit.iOS", "..\..\..\PSPDFKit.iOS\PSPDFKit.iOS.csproj", "{05D55D07-A317-401C-91B3-24B1E44BC3AC}"
EndProject
Global
	GlobalSection(SolutionConfigurationPlatforms) = preSolution
		Debug|Any CPU = Debug|Any CPU
		Release|Any CPU = Release|Any CPU
	EndGlobalSection
	GlobalSection(ProjectConfigurationPlatforms) = postSolution
		{BCC4D1DC-3B7C-45D8-AF56-016E10EE5FF1}.Debug|Any CPU.ActiveCfg = Debug|Any CPU
		{BCC4D1DC-3B7C-45D8-AF56-016E10EE5FF1}.Debug|Any CPU.Build.0 = Debug|Any CPU
		{BCC4D1DC-3B7C-45D8-AF56-016E10EE5FF1}.Release|Any CPU.ActiveCfg = Release|Any CPU
		{BCC4D1DC-3B7C-45D8-AF56-016E10EE5FF1}.Release|Any CPU.Build.0 = Release|Any CPU
		{05D55D07-A317-401C-91B3-24B1E44BC3AC}.Debug|Any CPU.ActiveCfg = Debug|Any CPU
		{05D55D07-A317-401C-91B3-24B1E44BC3AC}.Debug|Any CPU.Build.0 = Debug|Any CPU
		{05D55D07-A317-401C-91B3-24B1E44BC3AC}.Release|Any CPU.ActiveCfg = Release|Any CPU
		{05D55D07-A317-401C-91B3-24B1E44BC3AC}.Release|Any CPU.Build.0 = Release|Any CPU
	EndGlobalSection
EndGlobal
