
Microsoft Visual Studio Solution File, Format Version 12.00
# Visual Studio 2012
Project("{FAE04EC0-301F-11D3-BF4B-00C04F79EFBC}") = "PSPDFPogoStylusDriver", "PSPDFPogoStylusDriver.csproj", "{68C4A602-BFD6-4A97-9D2D-A398EAA73DF4}"
EndProject
Global
	GlobalSection(SolutionConfigurationPlatforms) = preSolution
		Debug|Any CPU = Debug|Any CPU
		Release|Any CPU = Release|Any CPU
	EndGlobalSection
	GlobalSection(ProjectConfigurationPlatforms) = postSolution
		{68C4A602-BFD6-4A97-9D2D-A398EAA73DF4}.Debug|Any CPU.ActiveCfg = Debug|Any CPU
		{68C4A602-BFD6-4A97-9D2D-A398EAA73DF4}.Debug|Any CPU.Build.0 = Debug|Any CPU
		{68C4A602-BFD6-4A97-9D2D-A398EAA73DF4}.Release|Any CPU.ActiveCfg = Release|Any CPU
		{68C4A602-BFD6-4A97-9D2D-A398EAA73DF4}.Release|Any CPU.Build.0 = Release|Any CPU
	EndGlobalSection
EndGlobal
